
Microsoft Visual Studio Solution File, Format Version 12.00
# Visual Studio Version 17
VisualStudioVersion = 17.4.33110.190
MinimumVisualStudioVersion = 10.0.40219.1
Project("{FAE04EC0-301F-11D3-BF4B-00C04F79EFBC}") = "MesajlasmaWebApi", "MesajlasmaWebApi\MesajlasmaWebApi.csproj", "{6B73F941-47DD-4B10-A5EF-8B54104CBBC2}"
EndProject
Global
	GlobalSection(SolutionConfigurationPlatforms) = preSolution
		Debug|Any CPU = Debug|Any CPU
		Release|Any CPU = Release|Any CPU
	EndGlobalSection
	GlobalSection(ProjectConfigurationPlatforms) = postSolution
		{6B73F941-47DD-4B10-A5EF-8B54104CBBC2}.Debug|Any CPU.ActiveCfg = Debug|Any CPU
		{6B73F941-47DD-4B10-A5EF-8B54104CBBC2}.Debug|Any CPU.Build.0 = Debug|Any CPU
		{6B73F941-47DD-4B10-A5EF-8B54104CBBC2}.Release|Any CPU.ActiveCfg = Release|Any CPU
		{6B73F941-47DD-4B10-A5EF-8B54104CBBC2}.Release|Any CPU.Build.0 = Release|Any CPU
	EndGlobalSection
	GlobalSection(SolutionProperties) = preSolution
		HideSolutionNode = FALSE
	EndGlobalSection
	GlobalSection(ExtensibilityGlobals) = postSolution
		SolutionGuid = {864D543B-38F1-4DCC-89F1-B535236E93C1}
	EndGlobalSection
EndGlobal
